
Microsoft Visual Studio Solution File, Format Version 12.00
# Visual Studio 2012
Project("{D954291E-2A0B-460D-934E-DC6B0785DB48}") = "b2c", "b2c\b2c.shproj", "{D8DF92BD-652D-4035-B251-EDA71604CB92}"
EndProject
Project("{FAE04EC0-301F-11D3-BF4B-00C04F79EFBC}") = "b2c.iOS", "iOS\b2c.iOS.csproj", "{0F4362CC-49D8-4933-89D0-3D0CF3A78F07}"
EndProject
Project("{FAE04EC0-301F-11D3-BF4B-00C04F79EFBC}") = "b2c.Droid", "Droid\b2c.Droid.csproj", "{B4CC859A-2D0E-4393-9614-39CCB752D2BC}"
EndProject
Global
	GlobalSection(SolutionConfigurationPlatforms) = preSolution
		Debug|iPhoneSimulator = Debug|iPhoneSimulator
		Release|iPhone = Release|iPhone
		Release|iPhoneSimulator = Release|iPhoneSimulator
		Debug|iPhone = Debug|iPhone
		Debug|Any CPU = Debug|Any CPU
		Release|Any CPU = Release|Any CPU
	EndGlobalSection
	GlobalSection(ProjectConfigurationPlatforms) = postSolution
		{0F4362CC-49D8-4933-89D0-3D0CF3A78F07}.Debug|iPhoneSimulator.ActiveCfg = Debug|iPhoneSimulator
		{0F4362CC-49D8-4933-89D0-3D0CF3A78F07}.Debug|iPhoneSimulator.Build.0 = Debug|iPhoneSimulator
		{0F4362CC-49D8-4933-89D0-3D0CF3A78F07}.Release|iPhone.ActiveCfg = Release|iPhone
		{0F4362CC-49D8-4933-89D0-3D0CF3A78F07}.Release|iPhone.Build.0 = Release|iPhone
		{0F4362CC-49D8-4933-89D0-3D0CF3A78F07}.Release|iPhoneSimulator.ActiveCfg = Release|iPhoneSimulator
		{0F4362CC-49D8-4933-89D0-3D0CF3A78F07}.Release|iPhoneSimulator.Build.0 = Release|iPhoneSimulator
		{0F4362CC-49D8-4933-89D0-3D0CF3A78F07}.Debug|iPhone.ActiveCfg = Debug|iPhone
		{0F4362CC-49D8-4933-89D0-3D0CF3A78F07}.Debug|iPhone.Build.0 = Debug|iPhone
		{0F4362CC-49D8-4933-89D0-3D0CF3A78F07}.Debug|Any CPU.ActiveCfg = Debug|iPhoneSimulator
		{0F4362CC-49D8-4933-89D0-3D0CF3A78F07}.Debug|Any CPU.Build.0 = Debug|iPhoneSimulator
		{0F4362CC-49D8-4933-89D0-3D0CF3A78F07}.Release|Any CPU.ActiveCfg = Release|iPhone
		{0F4362CC-49D8-4933-89D0-3D0CF3A78F07}.Release|Any CPU.Build.0 = Release|iPhone
		{B4CC859A-2D0E-4393-9614-39CCB752D2BC}.Debug|iPhoneSimulator.ActiveCfg = Debug|Any CPU
		{B4CC859A-2D0E-4393-9614-39CCB752D2BC}.Debug|iPhoneSimulator.Build.0 = Debug|Any CPU
		{B4CC859A-2D0E-4393-9614-39CCB752D2BC}.Release|iPhone.ActiveCfg = Release|Any CPU
		{B4CC859A-2D0E-4393-9614-39CCB752D2BC}.Release|iPhone.Build.0 = Release|Any CPU
		{B4CC859A-2D0E-4393-9614-39CCB752D2BC}.Release|iPhoneSimulator.ActiveCfg = Release|Any CPU
		{B4CC859A-2D0E-4393-9614-39CCB752D2BC}.Release|iPhoneSimulator.Build.0 = Release|Any CPU
		{B4CC859A-2D0E-4393-9614-39CCB752D2BC}.Debug|iPhone.ActiveCfg = Debug|Any CPU
		{B4CC859A-2D0E-4393-9614-39CCB752D2BC}.Debug|iPhone.Build.0 = Debug|Any CPU
		{B4CC859A-2D0E-4393-9614-39CCB752D2BC}.Debug|Any CPU.ActiveCfg = Debug|Any CPU
		{B4CC859A-2D0E-4393-9614-39CCB752D2BC}.Debug|Any CPU.Build.0 = Debug|Any CPU
		{B4CC859A-2D0E-4393-9614-39CCB752D2BC}.Release|Any CPU.ActiveCfg = Release|Any CPU
		{B4CC859A-2D0E-4393-9614-39CCB752D2BC}.Release|Any CPU.Build.0 = Release|Any CPU
	EndGlobalSection
EndGlobal
